
Microsoft Visual Studio Solution File, Format Version 12.00
# Visual Studio Version 17
VisualStudioVersion = 17.0.31903.59
MinimumVisualStudioVersion = 10.0.40219.1
Project("{2150E333-8FDC-42A3-9474-1A3956D46DE8}") = "src", "src", "{313FADD4-D3BA-4AB1-8BC4-76A56A565E61}"
EndProject
Project("{FAE04EC0-301F-11D3-BF4B-00C04F79EFBC}") = "CSLox", "src\CSLox\CSLox.csproj", "{DB6F7C49-7B54-4E6C-9663-BD7A9084BB1C}"
EndProject
Global
	GlobalSection(SolutionConfigurationPlatforms) = preSolution
		Debug|Any CPU = Debug|Any CPU
		Release|Any CPU = Release|Any CPU
	EndGlobalSection
	GlobalSection(SolutionProperties) = preSolution
		HideSolutionNode = FALSE
	EndGlobalSection
	GlobalSection(ProjectConfigurationPlatforms) = postSolution
		{DB6F7C49-7B54-4E6C-9663-BD7A9084BB1C}.Debug|Any CPU.ActiveCfg = Debug|Any CPU
		{DB6F7C49-7B54-4E6C-9663-BD7A9084BB1C}.Debug|Any CPU.Build.0 = Debug|Any CPU
		{DB6F7C49-7B54-4E6C-9663-BD7A9084BB1C}.Release|Any CPU.ActiveCfg = Release|Any CPU
		{DB6F7C49-7B54-4E6C-9663-BD7A9084BB1C}.Release|Any CPU.Build.0 = Release|Any CPU
	EndGlobalSection
	GlobalSection(NestedProjects) = preSolution
		{DB6F7C49-7B54-4E6C-9663-BD7A9084BB1C} = {313FADD4-D3BA-4AB1-8BC4-76A56A565E61}
	EndGlobalSection
EndGlobal
